
Microsoft Visual Studio Solution File, Format Version 12.00
# Visual Studio 15
VisualStudioVersion = 15.0.26730.12
MinimumVisualStudioVersion = 10.0.40219.1
Project("{FAE04EC0-301F-11D3-BF4B-00C04F79EFBC}") = "WindowsUI", "WindowsUI\WindowsUI.csproj", "{4075CA78-3FBA-43AA-A97B-6C647CCACBC8}"
EndProject
Project("{FAE04EC0-301F-11D3-BF4B-00C04F79EFBC}") = "DataLayer", "DataLayer\DataLayer.csproj", "{16179A9E-E342-4448-91F9-455A59C4F353}"
EndProject
Project("{FAE04EC0-301F-11D3-BF4B-00C04F79EFBC}") = "BusiinessLayer", "BusiinessLayer\BusiinessLayer.csproj", "{51C8D36F-09F4-4C84-81A1-CEE07729A6D4}"
EndProject
Global
	GlobalSection(SolutionConfigurationPlatforms) = preSolution
		Debug|Any CPU = Debug|Any CPU
		Release|Any CPU = Release|Any CPU
	EndGlobalSection
	GlobalSection(ProjectConfigurationPlatforms) = postSolution
		{4075CA78-3FBA-43AA-A97B-6C647CCACBC8}.Debug|Any CPU.ActiveCfg = Debug|Any CPU
		{4075CA78-3FBA-43AA-A97B-6C647CCACBC8}.Debug|Any CPU.Build.0 = Debug|Any CPU
		{4075CA78-3FBA-43AA-A97B-6C647CCACBC8}.Release|Any CPU.ActiveCfg = Release|Any CPU
		{4075CA78-3FBA-43AA-A97B-6C647CCACBC8}.Release|Any CPU.Build.0 = Release|Any CPU
		{16179A9E-E342-4448-91F9-455A59C4F353}.Debug|Any CPU.ActiveCfg = Debug|Any CPU
		{16179A9E-E342-4448-91F9-455A59C4F353}.Debug|Any CPU.Build.0 = Debug|Any CPU
		{16179A9E-E342-4448-91F9-455A59C4F353}.Release|Any CPU.ActiveCfg = Release|Any CPU
		{16179A9E-E342-4448-91F9-455A59C4F353}.Release|Any CPU.Build.0 = Release|Any CPU
		{51C8D36F-09F4-4C84-81A1-CEE07729A6D4}.Debug|Any CPU.ActiveCfg = Debug|Any CPU
		{51C8D36F-09F4-4C84-81A1-CEE07729A6D4}.Debug|Any CPU.Build.0 = Debug|Any CPU
		{51C8D36F-09F4-4C84-81A1-CEE07729A6D4}.Release|Any CPU.ActiveCfg = Release|Any CPU
		{51C8D36F-09F4-4C84-81A1-CEE07729A6D4}.Release|Any CPU.Build.0 = Release|Any CPU
	EndGlobalSection
	GlobalSection(SolutionProperties) = preSolution
		HideSolutionNode = FALSE
	EndGlobalSection
	GlobalSection(ExtensibilityGlobals) = postSolution
		SolutionGuid = {3CF2AC85-5CA7-4884-85AD-6B697EAED011}
	EndGlobalSection
EndGlobal
